
Microsoft Visual Studio Solution File, Format Version 12.00
# Visual Studio Version 17
VisualStudioVersion = 17.5.002.0
MinimumVisualStudioVersion = 10.0.40219.1
Project("{9A19103F-16F7-4668-BE54-9A1E7A4F7556}") = "atividade2", "atividade2.csproj", "{82F97192-F79C-4C57-A2CE-8901668EDF85}"
EndProject
Global
	GlobalSection(SolutionConfigurationPlatforms) = preSolution
		Debug|Any CPU = Debug|Any CPU
		Release|Any CPU = Release|Any CPU
	EndGlobalSection
	GlobalSection(ProjectConfigurationPlatforms) = postSolution
		{82F97192-F79C-4C57-A2CE-8901668EDF85}.Debug|Any CPU.ActiveCfg = Debug|Any CPU
		{82F97192-F79C-4C57-A2CE-8901668EDF85}.Debug|Any CPU.Build.0 = Debug|Any CPU
		{82F97192-F79C-4C57-A2CE-8901668EDF85}.Release|Any CPU.ActiveCfg = Release|Any CPU
		{82F97192-F79C-4C57-A2CE-8901668EDF85}.Release|Any CPU.Build.0 = Release|Any CPU
	EndGlobalSection
	GlobalSection(SolutionProperties) = preSolution
		HideSolutionNode = FALSE
	EndGlobalSection
	GlobalSection(ExtensibilityGlobals) = postSolution
		SolutionGuid = {1E833FF9-1B39-4535-8BFC-01A6D8746F2E}
	EndGlobalSection
EndGlobal
